
Microsoft Visual Studio Solution File, Format Version 12.00
# Visual Studio Version 17
VisualStudioVersion = 17.11.35327.3
MinimumVisualStudioVersion = 10.0.40219.1
Project("{FAE04EC0-301F-11D3-BF4B-00C04F79EFBC}") = "LicoreriaBackend", "LicoreriaBackend.csproj", "{5A91A8BA-3AB3-4FAF-95EC-F0716877FB3A}"
EndProject
Global
	GlobalSection(SolutionConfigurationPlatforms) = preSolution
		Debug|Any CPU = Debug|Any CPU
		Release|Any CPU = Release|Any CPU
	EndGlobalSection
	GlobalSection(ProjectConfigurationPlatforms) = postSolution
		{5A91A8BA-3AB3-4FAF-95EC-F0716877FB3A}.Debug|Any CPU.ActiveCfg = Debug|Any CPU
		{5A91A8BA-3AB3-4FAF-95EC-F0716877FB3A}.Debug|Any CPU.Build.0 = Debug|Any CPU
		{5A91A8BA-3AB3-4FAF-95EC-F0716877FB3A}.Release|Any CPU.ActiveCfg = Release|Any CPU
		{5A91A8BA-3AB3-4FAF-95EC-F0716877FB3A}.Release|Any CPU.Build.0 = Release|Any CPU
	EndGlobalSection
	GlobalSection(SolutionProperties) = preSolution
		HideSolutionNode = FALSE
	EndGlobalSection
	GlobalSection(ExtensibilityGlobals) = postSolution
		SolutionGuid = {871EBEB9-D8D9-4B51-AA20-E9014EFB2D3B}
	EndGlobalSection
EndGlobal
